
Microsoft Visual Studio Solution File, Format Version 12.00
# Visual Studio 14
VisualStudioVersion = 14.0.25420.1
MinimumVisualStudioVersion = 10.0.40219.1
Project("{FAE04EC0-301F-11D3-BF4B-00C04F79EFBC}") = "String01", "String01\String01.csproj", "{2E7AF031-46CB-42D3-830C-451BBF9F05AA}"
EndProject
Global
	GlobalSection(SolutionConfigurationPlatforms) = preSolution
		Debug|Any CPU = Debug|Any CPU
		Release|Any CPU = Release|Any CPU
	EndGlobalSection
	GlobalSection(ProjectConfigurationPlatforms) = postSolution
		{2E7AF031-46CB-42D3-830C-451BBF9F05AA}.Debug|Any CPU.ActiveCfg = Debug|Any CPU
		{2E7AF031-46CB-42D3-830C-451BBF9F05AA}.Debug|Any CPU.Build.0 = Debug|Any CPU
		{2E7AF031-46CB-42D3-830C-451BBF9F05AA}.Release|Any CPU.ActiveCfg = Release|Any CPU
		{2E7AF031-46CB-42D3-830C-451BBF9F05AA}.Release|Any CPU.Build.0 = Release|Any CPU
	EndGlobalSection
	GlobalSection(SolutionProperties) = preSolution
		HideSolutionNode = FALSE
	EndGlobalSection
EndGlobal
